
Microsoft Visual Studio Solution File, Format Version 12.00
# Visual Studio Version 16
VisualStudioVersion = 16.0.31829.152
MinimumVisualStudioVersion = 10.0.40219.1
Project("{9A19103F-16F7-4668-BE54-9A1E7A4F7556}") = "WebApp.Server", "WebApp\Server\WebApp.Server.csproj", "{FF440415-F432-4009-A9DD-57A2DA70345E}"
EndProject
Project("{9A19103F-16F7-4668-BE54-9A1E7A4F7556}") = "WebApp.Client", "WebApp\Client\WebApp.Client.csproj", "{F2899211-221F-4458-96EB-5D0DC54E3F0A}"
EndProject
Project("{9A19103F-16F7-4668-BE54-9A1E7A4F7556}") = "WebApp.Shared", "WebApp\Shared\WebApp.Shared.csproj", "{3161CFB7-4BFF-4E11-B30E-3ED4D23E60E3}"
EndProject
Project("{FAE04EC0-301F-11D3-BF4B-00C04F79EFBC}") = "WebApp.Tests", "WebApp.Tests\WebApp.Tests.csproj", "{AF612859-513B-4330-8586-5A7D1AF52F41}"
EndProject
Global
	GlobalSection(SolutionConfigurationPlatforms) = preSolution
		Debug|Any CPU = Debug|Any CPU
		Release|Any CPU = Release|Any CPU
	EndGlobalSection
	GlobalSection(ProjectConfigurationPlatforms) = postSolution
		{FF440415-F432-4009-A9DD-57A2DA70345E}.Debug|Any CPU.ActiveCfg = Debug|Any CPU
		{FF440415-F432-4009-A9DD-57A2DA70345E}.Debug|Any CPU.Build.0 = Debug|Any CPU
		{FF440415-F432-4009-A9DD-57A2DA70345E}.Release|Any CPU.ActiveCfg = Release|Any CPU
		{FF440415-F432-4009-A9DD-57A2DA70345E}.Release|Any CPU.Build.0 = Release|Any CPU
		{F2899211-221F-4458-96EB-5D0DC54E3F0A}.Debug|Any CPU.ActiveCfg = Debug|Any CPU
		{F2899211-221F-4458-96EB-5D0DC54E3F0A}.Debug|Any CPU.Build.0 = Debug|Any CPU
		{F2899211-221F-4458-96EB-5D0DC54E3F0A}.Release|Any CPU.ActiveCfg = Release|Any CPU
		{F2899211-221F-4458-96EB-5D0DC54E3F0A}.Release|Any CPU.Build.0 = Release|Any CPU
		{3161CFB7-4BFF-4E11-B30E-3ED4D23E60E3}.Debug|Any CPU.ActiveCfg = Debug|Any CPU
		{3161CFB7-4BFF-4E11-B30E-3ED4D23E60E3}.Debug|Any CPU.Build.0 = Debug|Any CPU
		{3161CFB7-4BFF-4E11-B30E-3ED4D23E60E3}.Release|Any CPU.ActiveCfg = Release|Any CPU
		{3161CFB7-4BFF-4E11-B30E-3ED4D23E60E3}.Release|Any CPU.Build.0 = Release|Any CPU
		{AF612859-513B-4330-8586-5A7D1AF52F41}.Debug|Any CPU.ActiveCfg = Debug|Any CPU
		{AF612859-513B-4330-8586-5A7D1AF52F41}.Debug|Any CPU.Build.0 = Debug|Any CPU
		{AF612859-513B-4330-8586-5A7D1AF52F41}.Release|Any CPU.ActiveCfg = Release|Any CPU
		{AF612859-513B-4330-8586-5A7D1AF52F41}.Release|Any CPU.Build.0 = Release|Any CPU
	EndGlobalSection
	GlobalSection(SolutionProperties) = preSolution
		HideSolutionNode = FALSE
	EndGlobalSection
	GlobalSection(ExtensibilityGlobals) = postSolution
		SolutionGuid = {B139CAB1-2B8A-42A1-94DD-5C2651176BD8}
	EndGlobalSection
EndGlobal
